// !$*UTF8*$!
{
	archiveVersion = 1;
	classes = {
	};
	objectVersion = 46;
	objects = {

/* Begin PBXBuildFile section */
		19C72EC218BC0AB700B0A81C /* Foundation.framework in Frameworks */ = {isa = PBXBuildFile; fileRef = 19C72EC118BC0AB700B0A81C /* Foundation.framework */; };
		19C72EC418BC0AB700B0A81C /* CoreGraphics.framework in Frameworks */ = {isa = PBXBuildFile; fileRef = 19C72EC318BC0AB700B0A81C /* CoreGraphics.framework */; };
		19C72EC618BC0AB700B0A81C /* UIKit.framework in Frameworks */ = {isa = PBXBuildFile; fileRef = 19C72EC518BC0AB700B0A81C /* UIKit.framework */; };
		19C72ECC18BC0AB700B0A81C /* InfoPlist.strings in Resources */ = {isa = PBXBuildFile; fileRef = 19C72ECA18BC0AB700B0A81C /* InfoPlist.strings */; };
		19C72ECE18BC0AB700B0A81C /* main.m in Sources */ = {isa = PBXBuildFile; fileRef = 19C72ECD18BC0AB700B0A81C /* main.m */; };
		19C72ED218BC0AB700B0A81C /* CSAppDelegate.m in Sources */ = {isa = PBXBuildFile; fileRef = 19C72ED118BC0AB700B0A81C /* CSAppDelegate.m */; };
		19C72ED518BC0AB700B0A81C /* Main.storyboard in Resources */ = {isa = PBXBuildFile; fileRef = 19C72ED318BC0AB700B0A81C /* Main.storyboard */; };
		19C72ED818BC0AB700B0A81C /* CSViewController.m in Sources */ = {isa = PBXBuildFile; fileRef = 19C72ED718BC0AB700B0A81C /* CSViewController.m */; };
		19C72EDA18BC0AB700B0A81C /* Images.xcassets in Resources */ = {isa = PBXBuildFile; fileRef = 19C72ED918BC0AB700B0A81C /* Images.xcassets */; };
		19C72EE118BC0AB700B0A81C /* XCTest.framework in Frameworks */ = {isa = PBXBuildFile; fileRef = 19C72EE018BC0AB700B0A81C /* XCTest.framework */; };
		19C72EE218BC0AB700B0A81C /* Foundation.framework in Frameworks */ = {isa = PBXBuildFile; fileRef = 19C72EC118BC0AB700B0A81C /* Foundation.framework */; };
		19C72EE318BC0AB700B0A81C /* UIKit.framework in Frameworks */ = {isa = PBXBuildFile; fileRef = 19C72EC518BC0AB700B0A81C /* UIKit.framework */; };
		19C72EEB18BC0AB700B0A81C /* InfoPlist.strings in Resources */ = {isa = PBXBuildFile; fileRef = 19C72EE918BC0AB700B0A81C /* InfoPlist.strings */; };
		19C72EED18BC0AB700B0A81C /* UITableViewController_Challenge_SolutionTests.m in Sources */ = {isa = PBXBuildFile; fileRef = 19C72EEC18BC0AB700B0A81C /* UITableViewController_Challenge_SolutionTests.m */; };
/* End PBXBuildFile section */

/* Begin PBXContainerItemProxy section */
		19C72EE418BC0AB700B0A81C /* PBXContainerItemProxy */ = {
			isa = PBXContainerItemProxy;
			containerPortal = 19C72EB618BC0AB600B0A81C /* Project object */;
			proxyType = 1;
			remoteGlobalIDString = 19C72EBD18BC0AB700B0A81C;
			remoteInfo = "UITableViewController Challenge Solution";
		};
/* End PBXContainerItemProxy section */

/* Begin PBXFileReference section */
		19C72EBE18BC0AB700B0A81C /* UITableViewController Challenge Solution.app */ = {isa = PBXFileReference; explicitFileType = wrapper.application; includeInIndex = 0; path = "UITableViewController Challenge Solution.app"; sourceTree = BUILT_PRODUCTS_DIR; };
		19C72EC118BC0AB700B0A81C /* Foundation.framework */ = {isa = PBXFileReference; lastKnownFileType = wrapper.framework; name = Foundation.framework; path = System/Library/Frameworks/Foundation.framework; sourceTree = SDKROOT; };
		19C72EC318BC0AB700B0A81C /* CoreGraphics.framework */ = {isa = PBXFileReference; lastKnownFileType = wrapper.framework; name = CoreGraphics.framework; path = System/Library/Frameworks/CoreGraphics.framework; sourceTree = SDKROOT; };
		19C72EC518BC0AB700B0A81C /* UIKit.framework */ = {isa = PBXFileReference; lastKnownFileType = wrapper.framework; name = UIKit.framework; path = System/Library/Frameworks/UIKit.framework; sourceTree = SDKROOT; };
		19C72EC918BC0AB700B0A81C /* UITableViewController Challenge Solution-Info.plist */ = {isa = PBXFileReference; lastKnownFileType = text.plist.xml; path = "UITableViewController Challenge Solution-Info.plist"; sourceTree = "<group>"; };
		19C72ECB18BC0AB700B0A81C /* en */ = {isa = PBXFileReference; lastKnownFileType = text.plist.strings; name = en; path = en.lproj/InfoPlist.strings; sourceTree = "<group>"; };
		19C72ECD18BC0AB700B0A81C /* main.m */ = {isa = PBXFileReference; lastKnownFileType = sourcecode.c.objc; path = main.m; sourceTree = "<group>"; };
		19C72ECF18BC0AB700B0A81C /* UITableViewController Challenge Solution-Prefix.pch */ = {isa = PBXFileReference; lastKnownFileType = sourcecode.c.h; path = "UITableViewController Challenge Solution-Prefix.pch"; sourceTree = "<group>"; };
		19C72ED018BC0AB700B0A81C /* CSAppDelegate.h */ = {isa = PBXFileReference; lastKnownFileType = sourcecode.c.h; path = CSAppDelegate.h; sourceTree = "<group>"; };
		19C72ED118BC0AB700B0A81C /* CSAppDelegate.m */ = {isa = PBXFileReference; lastKnownFileType = sourcecode.c.objc; path = CSAppDelegate.m; sourceTree = "<group>"; };
		19C72ED418BC0AB700B0A81C /* Base */ = {isa = PBXFileReference; lastKnownFileType = file.storyboard; name = Base; path = Base.lproj/Main.storyboard; sourceTree = "<group>"; };
		19C72ED618BC0AB700B0A81C /* CSViewController.h */ = {isa = PBXFileReference; lastKnownFileType = sourcecode.c.h; path = CSViewController.h; sourceTree = "<group>"; };
		19C72ED718BC0AB700B0A81C /* CSViewController.m */ = {isa = PBXFileReference; lastKnownFileType = sourcecode.c.objc; path = CSViewController.m; sourceTree = "<group>"; };
		19C72ED918BC0AB700B0A81C /* Images.xcassets */ = {isa = PBXFileReference; lastKnownFileType = folder.assetcatalog; path = Images.xcassets; sourceTree = "<group>"; };
		19C72EDF18BC0AB700B0A81C /* UITableViewController Challenge SolutionTests.xctest */ = {isa = PBXFileReference; explicitFileType = wrapper.cfbundle; includeInIndex = 0; path = "UITableViewController Challenge SolutionTests.xctest"; sourceTree = BUILT_PRODUCTS_DIR; };
		19C72EE018BC0AB700B0A81C /* XCTest.framework */ = {isa = PBXFileReference; lastKnownFileType = wrapper.framework; name = XCTest.framework; path = Library/Frameworks/XCTest.framework; sourceTree = DEVELOPER_DIR; };
		19C72EE818BC0AB700B0A81C /* UITableViewController Challenge SolutionTests-Info.plist */ = {isa = PBXFileReference; lastKnownFileType = text.plist.xml; path = "UITableViewController Challenge SolutionTests-Info.plist"; sourceTree = "<group>"; };
		19C72EEA18BC0AB700B0A81C /* en */ = {isa = PBXFileReference; lastKnownFileType = text.plist.strings; name = en; path = en.lproj/InfoPlist.strings; sourceTree = "<group>"; };
		19C72EEC18BC0AB700B0A81C /* UITableViewController_Challenge_SolutionTests.m */ = {isa = PBXFileReference; lastKnownFileType = sourcecode.c.objc; path = UITableViewController_Challenge_SolutionTests.m; sourceTree = "<group>"; };
/* End PBXFileReference section */

/* Begin PBXFrameworksBuildPhase section */
		19C72EBB18BC0AB700B0A81C /* Frameworks */ = {
			isa = PBXFrameworksBuildPhase;
			buildActionMask = 2147483647;
			files = (
				19C72EC418BC0AB700B0A81C /* CoreGraphics.framework in Frameworks */,
				19C72EC618BC0AB700B0A81C /* UIKit.framework in Frameworks */,
				19C72EC218BC0AB700B0A81C /* Foundation.framework in Frameworks */,
			);
			runOnlyForDeploymentPostprocessing = 0;
		};
		19C72EDC18BC0AB700B0A81C /* Frameworks */ = {
			isa = PBXFrameworksBuildPhase;
			buildActionMask = 2147483647;
			files = (
				19C72EE118BC0AB700B0A81C /* XCTest.framework in Frameworks */,
				19C72EE318BC0AB700B0A81C /* UIKit.framework in Frameworks */,
				19C72EE218BC0AB700B0A81C /* Foundation.framework in Frameworks */,
			);
			runOnlyForDeploymentPostprocessing = 0;
		};
/* End PBXFrameworksBuildPhase section */

/* Begin PBXGroup section */
		19C72EB518BC0AB600B0A81C = {
			isa = PBXGroup;
			children = (
				19C72EC718BC0AB700B0A81C /* UITableViewController Challenge Solution */,
				19C72EE618BC0AB700B0A81C /* UITableViewController Challenge SolutionTests */,
				19C72EC018BC0AB700B0A81C /* Frameworks */,
				19C72EBF18BC0AB700B0A81C /* Products */,
			);
			sourceTree = "<group>";
		};
		19C72EBF18BC0AB700B0A81C /* Products */ = {
			isa = PBXGroup;
			children = (
				19C72EBE18BC0AB700B0A81C /* UITableViewController Challenge Solution.app */,
				19C72EDF18BC0AB700B0A81C /* UITableViewController Challenge SolutionTests.xctest */,
			);
			name = Products;
			sourceTree = "<group>";
		};
		19C72EC018BC0AB700B0A81C /* Frameworks */ = {
			isa = PBXGroup;
			children = (
				19C72EC118BC0AB700B0A81C /* Foundation.framework */,
				19C72EC318BC0AB700B0A81C /* CoreGraphics.framework */,
				19C72EC518BC0AB700B0A81C /* UIKit.framework */,
				19C72EE018BC0AB700B0A81C /* XCTest.framework */,
			);
			name = Frameworks;
			sourceTree = "<group>";
		};
		19C72EC718BC0AB700B0A81C /* UITableViewController Challenge Solution */ = {
			isa = PBXGroup;
			children = (
				19C72ED018BC0AB700B0A81C /* CSAppDelegate.h */,
				19C72ED118BC0AB700B0A81C /* CSAppDelegate.m */,
				19C72ED318BC0AB700B0A81C /* Main.storyboard */,
				19C72ED618BC0AB700B0A81C /* CSViewController.h */,
				19C72ED718BC0AB700B0A81C /* CSViewController.m */,
				19C72ED918BC0AB700B0A81C /* Images.xcassets */,
				19C72EC818BC0AB700B0A81C /* Supporting Files */,
			);
			path = "UITableViewController Challenge Solution";
			sourceTree = "<group>";
		};
		19C72EC818BC0AB700B0A81C /* Supporting Files */ = {
			isa = PBXGroup;
			children = (
				19C72EC918BC0AB700B0A81C /* UITableViewController Challenge Solution-Info.plist */,
				19C72ECA18BC0AB700B0A81C /* InfoPlist.strings */,
				19C72ECD18BC0AB700B0A81C /* main.m */,
				19C72ECF18BC0AB700B0A81C /* UITableViewController Challenge Solution-Prefix.pch */,
			);
			name = "Supporting Files";
			sourceTree = "<group>";
		};
		19C72EE618BC0AB700B0A81C /* UITableViewController Challenge SolutionTests */ = {
			isa = PBXGroup;
			children = (
				19C72EEC18BC0AB700B0A81C /* UITableViewController_Challenge_SolutionTests.m */,
				19C72EE718BC0AB700B0A81C /* Supporting Files */,
			);
			path = "UITableViewController Challenge SolutionTests";
			sourceTree = "<group>";
		};
		19C72EE718BC0AB700B0A81C /* Supporting Files */ = {
			isa = PBXGroup;
			children = (
				19C72EE818BC0AB700B0A81C /* UITableViewController Challenge SolutionTests-Info.plist */,
				19C72EE918BC0AB700B0A81C /* InfoPlist.strings */,
			);
			name = "Supporting Files";
			sourceTree = "<group>";
		};
/* End PBXGroup section */

/* Begin PBXNativeTarget section */
		19C72EBD18BC0AB700B0A81C /* UITableViewController Challenge Solution */ = {
			isa = PBXNativeTarget;
			buildConfigurationList = 19C72EF018BC0AB700B0A81C /* Build configuration list for PBXNativeTarget "UITableViewController Challenge Solution" */;
			buildPhases = (
				19C72EBA18BC0AB700B0A81C /* Sources */,
				19C72EBB18BC0AB700B0A81C /* Frameworks */,
				19C72EBC18BC0AB700B0A81C /* Resources */,
			);
			buildRules = (
			);
			dependencies = (
			);
			name = "UITableViewController Challenge Solution";
			productName = "UITableViewController Challenge Solution";
			productReference = 19C72EBE18BC0AB700B0A81C /* UITableViewController Challenge Solution.app */;
			productType = "com.apple.product-type.application";
		};
		19C72EDE18BC0AB700B0A81C /* UITableViewController Challenge SolutionTests */ = {
			isa = PBXNativeTarget;
			buildConfigurationList = 19C72EF318BC0AB700B0A81C /* Build configuration list for PBXNativeTarget "UITableViewController Challenge SolutionTests" */;
			buildPhases = (
				19C72EDB18BC0AB700B0A81C /* Sources */,
				19C72EDC18BC0AB700B0A81C /* Frameworks */,
				19C72EDD18BC0AB700B0A81C /* Resources */,
			);
			buildRules = (
			);
			dependencies = (
				19C72EE518BC0AB700B0A81C /* PBXTargetDependency */,
			);
			name = "UITableViewController Challenge SolutionTests";
			productName = "UITableViewController Challenge SolutionTests";
			productReference = 19C72EDF18BC0AB700B0A81C /* UITableViewController Challenge SolutionTests.xctest */;
			productType = "com.apple.product-type.bundle.unit-test";
		};
/* End PBXNativeTarget section */

/* Begin PBXProject section */
		19C72EB618BC0AB600B0A81C /* Project object */ = {
			isa = PBXProject;
			attributes = {
				CLASSPREFIX = CS;
				LastUpgradeCheck = 0500;
				ORGANIZATIONNAME = "Jorge Mimica";
				TargetAttributes = {
					19C72EDE18BC0AB700B0A81C = {
						TestTargetID = 19C72EBD18BC0AB700B0A81C;
					};
				};
			};
			buildConfigurationList = 19C72EB918BC0AB600B0A81C /* Build configuration list for PBXProject "UITableViewController Challenge Solution" */;
			compatibilityVersion = "Xcode 3.2";
			developmentRegion = English;
			hasScannedForEncodings = 0;
			knownRegions = (
				en,
				Base,
			);
			mainGroup = 19C72EB518BC0AB600B0A81C;
			productRefGroup = 19C72EBF18BC0AB700B0A81C /* Products */;
			projectDirPath = "";
			projectRoot = "";
			targets = (
				19C72EBD18BC0AB700B0A81C /* UITableViewController Challenge Solution */,
				19C72EDE18BC0AB700B0A81C /* UITableViewController Challenge SolutionTests */,
			);
		};
/* End PBXProject section */

/* Begin PBXResourcesBuildPhase section */
		19C72EBC18BC0AB700B0A81C /* Resources */ = {
			isa = PBXResourcesBuildPhase;
			buildActionMask = 2147483647;
			files = (
				19C72EDA18BC0AB700B0A81C /* Images.xcassets in Resources */,
				19C72ECC18BC0AB700B0A81C /* InfoPlist.strings in Resources */,
				19C72ED518BC0AB700B0A81C /* Main.storyboard in Resources */,
			);
			runOnlyForDeploymentPostprocessing = 0;
		};
		19C72EDD18BC0AB700B0A81C /* Resources */ = {
			isa = PBXResourcesBuildPhase;
			buildActionMask = 2147483647;
			files = (
				19C72EEB18BC0AB700B0A81C /* InfoPlist.strings in Resources */,
			);
			runOnlyForDeploymentPostprocessing = 0;
		};
/* End PBXResourcesBuildPhase section */

/* Begin PBXSourcesBuildPhase section */
		19C72EBA18BC0AB700B0A81C /* Sources */ = {
			isa = PBXSourcesBuildPhase;
			buildActionMask = 2147483647;
			files = (
				19C72ED218BC0AB700B0A81C /* CSAppDelegate.m in Sources */,
				19C72ECE18BC0AB700B0A81C /* main.m in Sources */,
				19C72ED818BC0AB700B0A81C /* CSViewController.m in Sources */,
			);
			runOnlyForDeploymentPostprocessing = 0;
		};
		19C72EDB18BC0AB700B0A81C /* Sources */ = {
			isa = PBXSourcesBuildPhase;
			buildActionMask = 2147483647;
			files = (
				19C72EED18BC0AB700B0A81C /* UITableViewController_Challenge_SolutionTests.m in Sources */,
			);
			runOnlyForDeploymentPostprocessing = 0;
		};
/* End PBXSourcesBuildPhase section */

/* Begin PBXTargetDependency section */
		19C72EE518BC0AB700B0A81C /* PBXTargetDependency */ = {
			isa = PBXTargetDependency;
			target = 19C72EBD18BC0AB700B0A81C /* UITableViewController Challenge Solution */;
			targetProxy = 19C72EE418BC0AB700B0A81C /* PBXContainerItemProxy */;
		};
/* End PBXTargetDependency section */

/* Begin PBXVariantGroup section */
		19C72ECA18BC0AB700B0A81C /* InfoPlist.strings */ = {
			isa = PBXVariantGroup;
			children = (
				19C72ECB18BC0AB700B0A81C /* en */,
			);
			name = InfoPlist.strings;
			sourceTree = "<group>";
		};
		19C72ED318BC0AB700B0A81C /* Main.storyboard */ = {
			isa = PBXVariantGroup;
			children = (
				19C72ED418BC0AB700B0A81C /* Base */,
			);
			name = Main.storyboard;
			sourceTree = "<group>";
		};
		19C72EE918BC0AB700B0A81C /* InfoPlist.strings */ = {
			isa = PBXVariantGroup;
			children = (
				19C72EEA18BC0AB700B0A81C /* en */,
			);
			name = InfoPlist.strings;
			sourceTree = "<group>";
		};
/* End PBXVariantGroup section */

/* Begin XCBuildConfiguration section */
		19C72EEE18BC0AB700B0A81C /* Debug */ = {
			isa = XCBuildConfiguration;
			buildSettings = {
				ALWAYS_SEARCH_USER_PATHS = NO;
				ARCHS = "$(ARCHS_STANDARD_INCLUDING_64_BIT)";
				CLANG_CXX_LANGUAGE_STANDARD = "gnu++0x";
				CLANG_CXX_LIBRARY = "libc++";
				CLANG_ENABLE_MODULES = YES;
				CLANG_ENABLE_OBJC_ARC = YES;
				CLANG_WARN_BOOL_CONVERSION = YES;
				CLANG_WARN_CONSTANT_CONVERSION = YES;
				CLANG_WARN_DIRECT_OBJC_ISA_USAGE = YES_ERROR;
				CLANG_WARN_EMPTY_BODY = YES;
				CLANG_WARN_ENUM_CONVERSION = YES;
				CLANG_WARN_INT_CONVERSION = YES;
				CLANG_WARN_OBJC_ROOT_CLASS = YES_ERROR;
				CLANG_WARN__DUPLICATE_METHOD_MATCH = YES;
				"CODE_SIGN_IDENTITY[sdk=iphoneos*]" = "iPhone Developer";
				COPY_PHASE_STRIP = NO;
				GCC_C_LANGUAGE_STANDARD = gnu99;
				GCC_DYNAMIC_NO_PIC = NO;
				GCC_OPTIMIZATION_LEVEL = 0;
				GCC_PREPROCESSOR_DEFINITIONS = (
					"DEBUG=1",
					"$(inherited)",
				);
				GCC_SYMBOLS_PRIVATE_EXTERN = NO;
				GCC_WARN_64_TO_32_BIT_CONVERSION = YES;
				GCC_WARN_ABOUT_RETURN_TYPE = YES_ERROR;
				GCC_WARN_UNDECLARED_SELECTOR = YES;
				GCC_WARN_UNINITIALIZED_AUTOS = YES;
				GCC_WARN_UNUSED_FUNCTION = YES;
				GCC_WARN_UNUSED_VARIABLE = YES;
				IPHONEOS_DEPLOYMENT_TARGET = 7.0;
				ONLY_ACTIVE_ARCH = YES;
				SDKROOT = iphoneos;
			};
			name = Debug;
		};
		19C72EEF18BC0AB700B0A81C /* Release */ = {
			isa = XCBuildConfiguration;
			buildSettings = {
				ALWAYS_SEARCH_USER_PATHS = NO;
				ARCHS = "$(ARCHS_STANDARD_INCLUDING_64_BIT)";
				CLANG_CXX_LANGUAGE_STANDARD = "gnu++0x";
				CLANG_CXX_LIBRARY = "libc++";
				CLANG_ENABLE_MODULES = YES;
				CLANG_ENABLE_OBJC_ARC = YES;
				CLANG_WARN_BOOL_CONVERSION = YES;
				CLANG_WARN_CONSTANT_CONVERSION = YES;
				CLANG_WARN_DIRECT_OBJC_ISA_USAGE = YES_ERROR;
				CLANG_WARN_EMPTY_BODY = YES;
				CLANG_WARN_ENUM_CONVERSION = YES;
				CLANG_WARN_INT_CONVERSION = YES;
				CLANG_WARN_OBJC_ROOT_CLASS = YES_ERROR;
				CLANG_WARN__DUPLICATE_METHOD_MATCH = YES;
				"CODE_SIGN_IDENTITY[sdk=iphoneos*]" = "iPhone Developer";
				COPY_PHASE_STRIP = YES;
				ENABLE_NS_ASSERTIONS = NO;
				GCC_C_LANGUAGE_STANDARD = gnu99;
				GCC_WARN_64_TO_32_BIT_CONVERSION = YES;
				GCC_WARN_ABOUT_RETURN_TYPE = YES_ERROR;
				GCC_WARN_UNDECLARED_SELECTOR = YES;
				GCC_WARN_UNINITIALIZED_AUTOS = YES;
				GCC_WARN_UNUSED_FUNCTION = YES;
				GCC_WARN_UNUSED_VARIABLE = YES;
				IPHONEOS_DEPLOYMENT_TARGET = 7.0;
				SDKROOT = iphoneos;
				VALIDATE_PRODUCT = YES;
			};
			name = Release;
		};
		19C72EF118BC0AB700B0A81C /* Debug */ = {
			isa = XCBuildConfiguration;
			buildSettings = {
				ASSETCATALOG_COMPILER_APPICON_NAME = AppIcon;
				ASSETCATALOG_COMPILER_LAUNCHIMAGE_NAME = LaunchImage;
				GCC_PRECOMPILE_PREFIX_HEADER = YES;
				GCC_PREFIX_HEADER = "UITableViewController Challenge Solution/UITableViewController Challenge Solution-Prefix.pch";
				INFOPLIST_FILE = "UITableViewController Challenge Solution/UITableViewController Challenge Solution-Info.plist";
				PRODUCT_NAME = "$(TARGET_NAME)";
				WRAPPER_EXTENSION = app;
			};
			name = Debug;
		};
		19C72EF218BC0AB700B0A81C /* Release */ = {
			isa = XCBuildConfiguration;
			buildSettings = {
				ASSETCATALOG_COMPILER_APPICON_NAME = AppIcon;
				ASSETCATALOG_COMPILER_LAUNCHIMAGE_NAME = LaunchImage;
				GCC_PRECOMPILE_PREFIX_HEADER = YES;
				GCC_PREFIX_HEADER = "UITableViewController Challenge Solution/UITableViewController Challenge Solution-Prefix.pch";
				INFOPLIST_FILE = "UITableViewController Challenge Solution/UITableViewController Challenge Solution-Info.plist";
				PRODUCT_NAME = "$(TARGET_NAME)";
				WRAPPER_EXTENSION = app;
			};
			name = Release;
		};
		19C72EF418BC0AB700B0A81C /* Debug */ = {
			isa = XCBuildConfiguration;
			buildSettings = {
				ARCHS = "$(ARCHS_STANDARD_INCLUDING_64_BIT)";
				BUNDLE_LOADER = "$(BUILT_PRODUCTS_DIR)/UITableViewController Challenge Solution.app/UITableViewController Challenge Solution";
				FRAMEWORK_SEARCH_PATHS = (
					"$(SDKROOT)/Developer/Library/Frameworks",
					"$(inherited)",
					"$(DEVELOPER_FRAMEWORKS_DIR)",
				);
				GCC_PRECOMPILE_PREFIX_HEADER = YES;
				GCC_PREFIX_HEADER = "UITableViewController Challenge Solution/UITableViewController Challenge Solution-Prefix.pch";
				GCC_PREPROCESSOR_DEFINITIONS = (
					"DEBUG=1",
					"$(inherited)",
				);
				INFOPLIST_FILE = "UITableViewController Challenge SolutionTests/UITableViewController Challenge SolutionTests-Info.plist";
				PRODUCT_NAME = "$(TARGET_NAME)";
				TEST_HOST = "$(BUNDLE_LOADER)";
				WRAPPER_EXTENSION = xctest;
			};
			name = Debug;
		};
		19C72EF518BC0AB700B0A81C /* Release */ = {
			isa = XCBuildConfiguration;
			buildSettings = {
				ARCHS = "$(ARCHS_STANDARD_INCLUDING_64_BIT)";
				BUNDLE_LOADER = "$(BUILT_PRODUCTS_DIR)/UITableViewController Challenge Solution.app/UITableViewController Challenge Solution";
				FRAMEWORK_SEARCH_PATHS = (
					"$(SDKROOT)/Developer/Library/Frameworks",
					"$(inherited)",
					"$(DEVELOPER_FRAMEWORKS_DIR)",
				);
				GCC_PRECOMPILE_PREFIX_HEADER = YES;
				GCC_PREFIX_HEADER = "UITableViewController Challenge Solution/UITableViewController Challenge Solution-Prefix.pch";
				INFOPLIST_FILE = "UITableViewController Challenge SolutionTests/UITableViewController Challenge SolutionTests-Info.plist";
				PRODUCT_NAME = "$(TARGET_NAME)";
				TEST_HOST = "$(BUNDLE_LOADER)";
				WRAPPER_EXTENSION = xctest;
			};
			name = Release;
		};
/* End XCBuildConfiguration section */

/* Begin XCConfigurationList section */
		19C72EB918BC0AB600B0A81C /* Build configuration list for PBXProject "UITableViewController Challenge Solution" */ = {
			isa = XCConfigurationList;
			buildConfigurations = (
				19C72EEE18BC0AB700B0A81C /* Debug */,
				19C72EEF18BC0AB700B0A81C /* Release */,
			);
			defaultConfigurationIsVisible = 0;
			defaultConfigurationName = Release;
		};
		19C72EF018BC0AB700B0A81C /* Build configuration list for PBXNativeTarget "UITableViewController Challenge Solution" */ = {
			isa = XCConfigurationList;
			buildConfigurations = (
				19C72EF118BC0AB700B0A81C /* Debug */,
				19C72EF218BC0AB700B0A81C /* Release */,
			);
			defaultConfigurationIsVisible = 0;
		};
		19C72EF318BC0AB700B0A81C /* Build configuration list for PBXNativeTarget "UITableViewController Challenge SolutionTests" */ = {
			isa = XCConfigurationList;
			buildConfigurations = (
				19C72EF418BC0AB700B0A81C /* Debug */,
				19C72EF518BC0AB700B0A81C /* Release */,
			);
			defaultConfigurationIsVisible = 0;
		};
/* End XCConfigurationList section */
	};
	rootObject = 19C72EB618BC0AB600B0A81C /* Project object */;
}
